{
  "name": "goah",
  "version": "0.1.0",
  "lockfileVersion": 3,
  "requires": true,
  "packages": {
    "": {
      "name": "goah",
      "version": "0.1.0",
      "workspaces": [
        "packages/*",
        "examples/*"
      ],
      "devDependencies": {
        "@types/node": "^24.0.0",
        "typescript": "^5.9.0"
      },
      "engines": {
        "node": ">=24.0.0"
      }
    },
    "examples/minimal": {
      "name": "@goah/example-minimal",
      "version": "0.1.0",
      "dependencies": {
        "@goah/ledger-contract": "0.1.0",
        "@goah/ledger-sqlite": "0.1.0",
        "@goah/runner-pi": "0.1.0",
        "@goah/supervisor": "0.1.0",
        "@goah/testkit": "0.1.0"
      }
    },
    "node_modules/@goah/example-minimal": {
      "resolved": "examples/minimal",
      "link": true
    },
    "node_modules/@goah/ledger-contract": {
      "resolved": "packages/ledger-contract",
      "link": true
    },
    "node_modules/@goah/ledger-sqlite": {
      "resolved": "packages/ledger-sqlite",
      "link": true
    },
    "node_modules/@goah/runner-pi": {
      "resolved": "packages/runner-pi",
      "link": true
    },
    "node_modules/@goah/supervisor": {
      "resolved": "packages/supervisor",
      "link": true
    },
    "node_modules/@goah/testkit": {
      "resolved": "packages/testkit",
      "link": true
    },
    "node_modules/@types/node": {
      "version": "24.13.3",
      "resolved": "https://registry.npmjs.org/@types/node/-/node-24.13.3.tgz",
      "integrity": "sha512-Dh8vAsV36ig5wa9OX4pXvMc9D3Veibfw2wix0CUwYODLD8nkj9UsLjASr49nPg+2eKzxhBV+v7L8pXvT4e639Q==",
      "dev": true,
      "license": "MIT",
      "dependencies": {
        "undici-types": "~7.18.0"
      }
    },
    "node_modules/typescript": {
      "version": "5.9.3",
      "resolved": "https://registry.npmjs.org/typescript/-/typescript-5.9.3.tgz",
      "integrity": "sha512-jl1vZzPDinLr9eUt3J/t7V6FgNEw9QjvBPdysz9KfQDD41fQrC2Y4vKQdiaUpFT4bXlb1RHhLpp8wtm6M5TgSw==",
      "dev": true,
      "license": "Apache-2.0",
      "bin": {
        "tsc": "bin/tsc",
        "tsserver": "bin/tsserver"
      },
      "engines": {
        "node": ">=14.17"
      }
    },
    "node_modules/undici-types": {
      "version": "7.18.2",
      "resolved": "https://registry.npmjs.org/undici-types/-/undici-types-7.18.2.tgz",
      "integrity": "sha512-AsuCzffGHJybSaRrmr5eHr81mwJU3kjw6M+uprWvCXiNeN9SOGwQ3Jn8jb8m3Z6izVgknn1R0FTCEAP2QrLY/w==",
      "dev": true,
      "license": "MIT"
    },
    "packages/ledger-contract": {
      "name": "@goah/ledger-contract",
      "version": "0.1.0"
    },
    "packages/ledger-sqlite": {
      "name": "@goah/ledger-sqlite",
      "version": "0.1.0",
      "dependencies": {
        "@goah/ledger-contract": "0.1.0"
      }
    },
    "packages/runner-pi": {
      "name": "@goah/runner-pi",
      "version": "0.1.0",
      "dependencies": {
        "@goah/ledger-contract": "0.1.0"
      }
    },
    "packages/supervisor": {
      "name": "@goah/supervisor",
      "version": "0.1.0",
      "dependencies": {
        "@goah/ledger-contract": "0.1.0"
      }
    },
    "packages/testkit": {
      "name": "@goah/testkit",
      "version": "0.1.0",
      "dependencies": {
        "@goah/ledger-contract": "0.1.0",
        "@goah/ledger-sqlite": "0.1.0",
        "@goah/runner-pi": "0.1.0",
        "@goah/supervisor": "0.1.0"
      }
    }
  }
}
